
Microsoft Visual Studio Solution File, Format Version 12.00
# Visual Studio 15
VisualStudioVersion = 15.0.28010.2046
MinimumVisualStudioVersion = 10.0.40219.1
Project("{888888A0-9F3D-457C-B088-3A5042F75D52}") = "TSP", "TSP\TSP.pyproj", "{46B5DDAB-CC7E-4ED2-84AD-178F59740A86}"
EndProject
Global
	GlobalSection(SolutionConfigurationPlatforms) = preSolution
		Debug|Any CPU = Debug|Any CPU
		Release|Any CPU = Release|Any CPU
	EndGlobalSection
	GlobalSection(ProjectConfigurationPlatforms) = postSolution
		{46B5DDAB-CC7E-4ED2-84AD-178F59740A86}.Debug|Any CPU.ActiveCfg = Debug|Any CPU
		{46B5DDAB-CC7E-4ED2-84AD-178F59740A86}.Release|Any CPU.ActiveCfg = Release|Any CPU
	EndGlobalSection
	GlobalSection(SolutionProperties) = preSolution
		HideSolutionNode = FALSE
	EndGlobalSection
	GlobalSection(ExtensibilityGlobals) = postSolution
		SolutionGuid = {D8F1D7CC-C222-4F3B-B089-0AEA526AEDA3}
	EndGlobalSection
EndGlobal
